Microsoft Visual Studio Solution File, Format Version 12.00
# Visual Studio Version 17
VisualStudioVersion = 17.0.31903.59
MinimumVisualStudioVersion = 10.0.40219.1
Project("{FAE04EC0-301F-11D3-BF4B-00C04F79EFBC}") = "Contoso.LegacyBank.Batch", "src\Contoso.LegacyBank.Batch\Contoso.LegacyBank.Batch.csproj", "{535106C1-C0C4-4285-9B83-E28547D7E824}"
EndProject
Project("{FAE04EC0-301F-11D3-BF4B-00C04F79EFBC}") = "Contoso.LegacyBank.Batch.Tests", "tests\Contoso.LegacyBank.Batch.Tests\Contoso.LegacyBank.Batch.Tests.csproj", "{B58404A4-9D7C-443A-B41C-65BDE72DCC3D}"
EndProject
Global
	GlobalSection(SolutionConfigurationPlatforms) = preSolution
		Debug|Any CPU = Debug|Any CPU
		Release|Any CPU = Release|Any CPU
	EndGlobalSection
	GlobalSection(ProjectConfigurationPlatforms) = postSolution
		{535106C1-C0C4-4285-9B83-E28547D7E824}.Debug|Any CPU.ActiveCfg = Debug|Any CPU
		{535106C1-C0C4-4285-9B83-E28547D7E824}.Debug|Any CPU.Build.0 = Debug|Any CPU
		{535106C1-C0C4-4285-9B83-E28547D7E824}.Release|Any CPU.ActiveCfg = Release|Any CPU
		{535106C1-C0C4-4285-9B83-E28547D7E824}.Release|Any CPU.Build.0 = Release|Any CPU
		{B58404A4-9D7C-443A-B41C-65BDE72DCC3D}.Debug|Any CPU.ActiveCfg = Debug|Any CPU
		{B58404A4-9D7C-443A-B41C-65BDE72DCC3D}.Debug|Any CPU.Build.0 = Debug|Any CPU
		{B58404A4-9D7C-443A-B41C-65BDE72DCC3D}.Release|Any CPU.ActiveCfg = Release|Any CPU
		{B58404A4-9D7C-443A-B41C-65BDE72DCC3D}.Release|Any CPU.Build.0 = Release|Any CPU
	EndGlobalSection
EndGlobal
